
Microsoft Visual Studio Solution File, Format Version 12.00
# Visual Studio 15
VisualStudioVersion = 15.0.26228.9
MinimumVisualStudioVersion = 10.0.40219.1
Project("{FAE04EC0-301F-11D3-BF4B-00C04F79EFBC}") = "Practise2018", "Practise2018\Practise2018.csproj", "{04F2C491-8EAB-48C3-9DEF-BBC124DA0732}"
EndProject
Project("{FAE04EC0-301F-11D3-BF4B-00C04F79EFBC}") = "DelegateUse", "Hello\DelegateUse.csproj", "{F0390783-92B0-4911-9004-1BE3C1499E33}"
EndProject
Project("{FAE04EC0-301F-11D3-BF4B-00C04F79EFBC}") = "DelegateOrigin", "DelegateOrigin\DelegateOrigin.csproj", "{0024460B-0B14-4B6F-B096-170FB319F2BA}"
EndProject
Project("{FAE04EC0-301F-11D3-BF4B-00C04F79EFBC}") = "MulticastDelegates", "MulticastDelegates\MulticastDelegates.csproj", "{E1CD31D6-D45E-497E-BA6D-9BAA6188AF90}"
EndProject
Project("{FAE04EC0-301F-11D3-BF4B-00C04F79EFBC}") = "EventUse", "EventUse\EventUse.csproj", "{F5A84187-5E52-49B1-A37B-3526773ECD00}"
EndProject
Project("{FAE04EC0-301F-11D3-BF4B-00C04F79EFBC}") = "EventUseInNET", "EventUseInNET\EventUseInNET.csproj", "{36A8EF63-193B-4427-B9F1-C2370A2DDD33}"
EndProject
Project("{FAE04EC0-301F-11D3-BF4B-00C04F79EFBC}") = "EventArgsExt", "EventArgsExt\EventArgsExt.csproj", "{FC8C7A26-5D3B-4172-8CB3-EB1D8F2D1A0D}"
EndProject
Global
	GlobalSection(SolutionConfigurationPlatforms) = preSolution
		Debug|Any CPU = Debug|Any CPU
		Release|Any CPU = Release|Any CPU
	EndGlobalSection
	GlobalSection(ProjectConfigurationPlatforms) = postSolution
		{04F2C491-8EAB-48C3-9DEF-BBC124DA0732}.Debug|Any CPU.ActiveCfg = Debug|Any CPU
		{04F2C491-8EAB-48C3-9DEF-BBC124DA0732}.Debug|Any CPU.Build.0 = Debug|Any CPU
		{04F2C491-8EAB-48C3-9DEF-BBC124DA0732}.Release|Any CPU.ActiveCfg = Release|Any CPU
		{04F2C491-8EAB-48C3-9DEF-BBC124DA0732}.Release|Any CPU.Build.0 = Release|Any CPU
		{F0390783-92B0-4911-9004-1BE3C1499E33}.Debug|Any CPU.ActiveCfg = Debug|Any CPU
		{F0390783-92B0-4911-9004-1BE3C1499E33}.Debug|Any CPU.Build.0 = Debug|Any CPU
		{F0390783-92B0-4911-9004-1BE3C1499E33}.Release|Any CPU.ActiveCfg = Release|Any CPU
		{F0390783-92B0-4911-9004-1BE3C1499E33}.Release|Any CPU.Build.0 = Release|Any CPU
		{0024460B-0B14-4B6F-B096-170FB319F2BA}.Debug|Any CPU.ActiveCfg = Debug|Any CPU
		{0024460B-0B14-4B6F-B096-170FB319F2BA}.Debug|Any CPU.Build.0 = Debug|Any CPU
		{0024460B-0B14-4B6F-B096-170FB319F2BA}.Release|Any CPU.ActiveCfg = Release|Any CPU
		{0024460B-0B14-4B6F-B096-170FB319F2BA}.Release|Any CPU.Build.0 = Release|Any CPU
		{E1CD31D6-D45E-497E-BA6D-9BAA6188AF90}.Debug|Any CPU.ActiveCfg = Debug|Any CPU
		{E1CD31D6-D45E-497E-BA6D-9BAA6188AF90}.Debug|Any CPU.Build.0 = Debug|Any CPU
		{E1CD31D6-D45E-497E-BA6D-9BAA6188AF90}.Release|Any CPU.ActiveCfg = Release|Any CPU
		{E1CD31D6-D45E-497E-BA6D-9BAA6188AF90}.Release|Any CPU.Build.0 = Release|Any CPU
		{F5A84187-5E52-49B1-A37B-3526773ECD00}.Debug|Any CPU.ActiveCfg = Debug|Any CPU
		{F5A84187-5E52-49B1-A37B-3526773ECD00}.Debug|Any CPU.Build.0 = Debug|Any CPU
		{F5A84187-5E52-49B1-A37B-3526773ECD00}.Release|Any CPU.ActiveCfg = Release|Any CPU
		{F5A84187-5E52-49B1-A37B-3526773ECD00}.Release|Any CPU.Build.0 = Release|Any CPU
		{36A8EF63-193B-4427-B9F1-C2370A2DDD33}.Debug|Any CPU.ActiveCfg = Debug|Any CPU
		{36A8EF63-193B-4427-B9F1-C2370A2DDD33}.Debug|Any CPU.Build.0 = Debug|Any CPU
		{36A8EF63-193B-4427-B9F1-C2370A2DDD33}.Release|Any CPU.ActiveCfg = Release|Any CPU
		{36A8EF63-193B-4427-B9F1-C2370A2DDD33}.Release|Any CPU.Build.0 = Release|Any CPU
		{FC8C7A26-5D3B-4172-8CB3-EB1D8F2D1A0D}.Debug|Any CPU.ActiveCfg = Debug|Any CPU
		{FC8C7A26-5D3B-4172-8CB3-EB1D8F2D1A0D}.Debug|Any CPU.Build.0 = Debug|Any CPU
		{FC8C7A26-5D3B-4172-8CB3-EB1D8F2D1A0D}.Release|Any CPU.ActiveCfg = Release|Any CPU
		{FC8C7A26-5D3B-4172-8CB3-EB1D8F2D1A0D}.Release|Any CPU.Build.0 = Release|Any CPU
	EndGlobalSection
	GlobalSection(SolutionProperties) = preSolution
		HideSolutionNode = FALSE
	EndGlobalSection
EndGlobal
